
Microsoft Visual Studio Solution File, Format Version 12.00
# Visual Studio Version 17
VisualStudioVersion = 17.11.35219.272
MinimumVisualStudioVersion = 10.0.40219.1
Project("{FAE04EC0-301F-11D3-BF4B-00C04F79EFBC}") = "Week2", "Week2.csproj", "{328E0305-6D90-4774-B56A-B720ED03E21F}"
EndProject
Global
	GlobalSection(SolutionConfigurationPlatforms) = preSolution
		Debug|Any CPU = Debug|Any CPU
		Release|Any CPU = Release|Any CPU
	EndGlobalSection
	GlobalSection(ProjectConfigurationPlatforms) = postSolution
		{328E0305-6D90-4774-B56A-B720ED03E21F}.Debug|Any CPU.ActiveCfg = Debug|Any CPU
		{328E0305-6D90-4774-B56A-B720ED03E21F}.Debug|Any CPU.Build.0 = Debug|Any CPU
		{328E0305-6D90-4774-B56A-B720ED03E21F}.Release|Any CPU.ActiveCfg = Release|Any CPU
		{328E0305-6D90-4774-B56A-B720ED03E21F}.Release|Any CPU.Build.0 = Release|Any CPU
	EndGlobalSection
	GlobalSection(SolutionProperties) = preSolution
		HideSolutionNode = FALSE
	EndGlobalSection
	GlobalSection(ExtensibilityGlobals) = postSolution
		SolutionGuid = {0B0A95CD-FE2D-4B6F-AA80-4C0B45C5CA3E}
	EndGlobalSection
EndGlobal
